
Microsoft Visual Studio Solution File, Format Version 12.00
# Visual Studio Version 16
VisualStudioVersion = 16.0.31321.278
MinimumVisualStudioVersion = 10.0.40219.1
Project("{FAE04EC0-301F-11D3-BF4B-00C04F79EFBC}") = "WebApplication1", "WebApplication1\WebApplication1.csproj", "{73F06B8E-C911-4330-91ED-5C6975478026}"
EndProject
Global
	GlobalSection(SolutionConfigurationPlatforms) = preSolution
		Debug|Any CPU = Debug|Any CPU
		Release|Any CPU = Release|Any CPU
	EndGlobalSection
	GlobalSection(ProjectConfigurationPlatforms) = postSolution
		{73F06B8E-C911-4330-91ED-5C6975478026}.Debug|Any CPU.ActiveCfg = Debug|Any CPU
		{73F06B8E-C911-4330-91ED-5C6975478026}.Debug|Any CPU.Build.0 = Debug|Any CPU
		{73F06B8E-C911-4330-91ED-5C6975478026}.Release|Any CPU.ActiveCfg = Release|Any CPU
		{73F06B8E-C911-4330-91ED-5C6975478026}.Release|Any CPU.Build.0 = Release|Any CPU
	EndGlobalSection
	GlobalSection(SolutionProperties) = preSolution
		HideSolutionNode = FALSE
	EndGlobalSection
	GlobalSection(ExtensibilityGlobals) = postSolution
		SolutionGuid = {4366E557-B82D-4CBC-B38B-240D4DAEC94E}
	EndGlobalSection
EndGlobal
